
Microsoft Visual Studio Solution File, Format Version 12.00
# Visual Studio Version 16
VisualStudioVersion = 16.0.31019.35
MinimumVisualStudioVersion = 10.0.40219.1
Project("{FAE04EC0-301F-11D3-BF4B-00C04F79EFBC}") = "Phase2Session1", "Phase2Session1\Phase2Session1.csproj", "{CC2A6C3B-44BD-477B-8032-61E40032C0F1}"
EndProject
Global
	GlobalSection(SolutionConfigurationPlatforms) = preSolution
		Debug|Any CPU = Debug|Any CPU
		Release|Any CPU = Release|Any CPU
	EndGlobalSection
	GlobalSection(ProjectConfigurationPlatforms) = postSolution
		{CC2A6C3B-44BD-477B-8032-61E40032C0F1}.Debug|Any CPU.ActiveCfg = Debug|Any CPU
		{CC2A6C3B-44BD-477B-8032-61E40032C0F1}.Debug|Any CPU.Build.0 = Debug|Any CPU
		{CC2A6C3B-44BD-477B-8032-61E40032C0F1}.Release|Any CPU.ActiveCfg = Release|Any CPU
		{CC2A6C3B-44BD-477B-8032-61E40032C0F1}.Release|Any CPU.Build.0 = Release|Any CPU
	EndGlobalSection
	GlobalSection(SolutionProperties) = preSolution
		HideSolutionNode = FALSE
	EndGlobalSection
	GlobalSection(ExtensibilityGlobals) = postSolution
		SolutionGuid = {0F0AD24B-82C1-4BC0-9C26-CAF1A414F32C}
	EndGlobalSection
EndGlobal
