
Microsoft Visual Studio Solution File, Format Version 12.00
# Visual Studio Version 16
VisualStudioVersion = 16.0.31019.35
MinimumVisualStudioVersion = 10.0.40219.1
Project("{9A19103F-16F7-4668-BE54-9A1E7A4F7556}") = "MVCLayer", "Phase2Session1\MVCLayer.csproj", "{CC2A6C3B-44BD-477B-8032-61E40032C0F1}"
EndProject
Project("{9A19103F-16F7-4668-BE54-9A1E7A4F7556}") = "DataAccessLayer", "DataAccessLayer\DataAccessLayer.csproj", "{A776095F-1F01-4FE2-BCA5-3661E806DE86}"
EndProject
Project("{9A19103F-16F7-4668-BE54-9A1E7A4F7556}") = "Entities", "Entities\Entities.csproj", "{BACA7F55-D82F-4DBD-83DD-CE98AA51F01A}"
EndProject
Project("{FAE04EC0-301F-11D3-BF4B-00C04F79EFBC}") = "ASPWebForms", "ASPWebForms\ASPWebForms.csproj", "{DAC8F9A3-C76A-4B46-A9A2-4A5F858B4A71}"
EndProject
Project("{9A19103F-16F7-4668-BE54-9A1E7A4F7556}") = "LINQ Operators", "LINQ Operators\LINQ Operators.csproj", "{CA32F328-1693-4D5F-9164-C6BF9D07BABC}"
EndProject
Project("{9A19103F-16F7-4668-BE54-9A1E7A4F7556}") = "ADO.Net Labs", "ADO.Net Labs\ADO.Net Labs.csproj", "{A9C9CE7C-4179-447A-961C-09378CE267B0}"
EndProject
Project("{FAE04EC0-301F-11D3-BF4B-00C04F79EFBC}") = "WebAPI", "WebAPI\WebAPI.csproj", "{EBE9384C-32FA-49CD-858A-776FA048F7F9}"
EndProject
Global
	GlobalSection(SolutionConfigurationPlatforms) = preSolution
		Debug|Any CPU = Debug|Any CPU
		Release|Any CPU = Release|Any CPU
	EndGlobalSection
	GlobalSection(ProjectConfigurationPlatforms) = postSolution
		{CC2A6C3B-44BD-477B-8032-61E40032C0F1}.Debug|Any CPU.ActiveCfg = Debug|Any CPU
		{CC2A6C3B-44BD-477B-8032-61E40032C0F1}.Debug|Any CPU.Build.0 = Debug|Any CPU
		{CC2A6C3B-44BD-477B-8032-61E40032C0F1}.Release|Any CPU.ActiveCfg = Release|Any CPU
		{CC2A6C3B-44BD-477B-8032-61E40032C0F1}.Release|Any CPU.Build.0 = Release|Any CPU
		{A776095F-1F01-4FE2-BCA5-3661E806DE86}.Debug|Any CPU.ActiveCfg = Debug|Any CPU
		{A776095F-1F01-4FE2-BCA5-3661E806DE86}.Debug|Any CPU.Build.0 = Debug|Any CPU
		{A776095F-1F01-4FE2-BCA5-3661E806DE86}.Release|Any CPU.ActiveCfg = Release|Any CPU
		{A776095F-1F01-4FE2-BCA5-3661E806DE86}.Release|Any CPU.Build.0 = Release|Any CPU
		{BACA7F55-D82F-4DBD-83DD-CE98AA51F01A}.Debug|Any CPU.ActiveCfg = Debug|Any CPU
		{BACA7F55-D82F-4DBD-83DD-CE98AA51F01A}.Debug|Any CPU.Build.0 = Debug|Any CPU
		{BACA7F55-D82F-4DBD-83DD-CE98AA51F01A}.Release|Any CPU.ActiveCfg = Release|Any CPU
		{BACA7F55-D82F-4DBD-83DD-CE98AA51F01A}.Release|Any CPU.Build.0 = Release|Any CPU
		{DAC8F9A3-C76A-4B46-A9A2-4A5F858B4A71}.Debug|Any CPU.ActiveCfg = Debug|Any CPU
		{DAC8F9A3-C76A-4B46-A9A2-4A5F858B4A71}.Debug|Any CPU.Build.0 = Debug|Any CPU
		{DAC8F9A3-C76A-4B46-A9A2-4A5F858B4A71}.Release|Any CPU.ActiveCfg = Release|Any CPU
		{DAC8F9A3-C76A-4B46-A9A2-4A5F858B4A71}.Release|Any CPU.Build.0 = Release|Any CPU
		{CA32F328-1693-4D5F-9164-C6BF9D07BABC}.Debug|Any CPU.ActiveCfg = Debug|Any CPU
		{CA32F328-1693-4D5F-9164-C6BF9D07BABC}.Debug|Any CPU.Build.0 = Debug|Any CPU
		{CA32F328-1693-4D5F-9164-C6BF9D07BABC}.Release|Any CPU.ActiveCfg = Release|Any CPU
		{CA32F328-1693-4D5F-9164-C6BF9D07BABC}.Release|Any CPU.Build.0 = Release|Any CPU
		{A9C9CE7C-4179-447A-961C-09378CE267B0}.Debug|Any CPU.ActiveCfg = Debug|Any CPU
		{A9C9CE7C-4179-447A-961C-09378CE267B0}.Debug|Any CPU.Build.0 = Debug|Any CPU
		{A9C9CE7C-4179-447A-961C-09378CE267B0}.Release|Any CPU.ActiveCfg = Release|Any CPU
		{A9C9CE7C-4179-447A-961C-09378CE267B0}.Release|Any CPU.Build.0 = Release|Any CPU
		{EBE9384C-32FA-49CD-858A-776FA048F7F9}.Debug|Any CPU.ActiveCfg = Debug|Any CPU
		{EBE9384C-32FA-49CD-858A-776FA048F7F9}.Debug|Any CPU.Build.0 = Debug|Any CPU
		{EBE9384C-32FA-49CD-858A-776FA048F7F9}.Release|Any CPU.ActiveCfg = Release|Any CPU
		{EBE9384C-32FA-49CD-858A-776FA048F7F9}.Release|Any CPU.Build.0 = Release|Any CPU
	EndGlobalSection
	GlobalSection(SolutionProperties) = preSolution
		HideSolutionNode = FALSE
	EndGlobalSection
	GlobalSection(ExtensibilityGlobals) = postSolution
		SolutionGuid = {0F0AD24B-82C1-4BC0-9C26-CAF1A414F32C}
	EndGlobalSection
EndGlobal
